
Microsoft Visual Studio Solution File, Format Version 12.00
# Visual Studio Version 17
VisualStudioVersion = 17.14.36518.9
MinimumVisualStudioVersion = 10.0.40219.1
Project("{FAE04EC0-301F-11D3-BF4B-00C04F79EFBC}") = "aemonshandbookessentials", "aemonshandbookessentials\aemonshandbookessentials.csproj", "{AC5C2332-80A2-42AC-9B7E-57DB87E3497D}"
EndProject
Project("{2150E333-8FDC-42A3-9474-1A3956D46DE8}") = "externals", "externals", "{ACDB6C76-E445-1D22-A45D-36E5391AD0C9}"
EndProject
Project("{2150E333-8FDC-42A3-9474-1A3956D46DE8}") = "vsapi", "vsapi", "{2EEE58B8-70A3-B0EC-9890-43EF0BB86AED}"
EndProject
Project("{FAE04EC0-301F-11D3-BF4B-00C04F79EFBC}") = "VintagestoryAPI", "externals\vsapi\VintagestoryAPI.csproj", "{9CDE177C-518F-46BC-A8F1-2D4E7EDCBBBE}"
EndProject
Global
	GlobalSection(SolutionConfigurationPlatforms) = preSolution
		Debug|Any CPU = Debug|Any CPU
		Debug|x64 = Debug|x64
		Debug|x86 = Debug|x86
		Release|Any CPU = Release|Any CPU
		Release|x64 = Release|x64
		Release|x86 = Release|x86
	EndGlobalSection
	GlobalSection(ProjectConfigurationPlatforms) = postSolution
		{AC5C2332-80A2-42AC-9B7E-57DB87E3497D}.Debug|Any CPU.ActiveCfg = Debug|Any CPU
		{AC5C2332-80A2-42AC-9B7E-57DB87E3497D}.Debug|Any CPU.Build.0 = Debug|Any CPU
		{AC5C2332-80A2-42AC-9B7E-57DB87E3497D}.Debug|x64.ActiveCfg = Debug|Any CPU
		{AC5C2332-80A2-42AC-9B7E-57DB87E3497D}.Debug|x64.Build.0 = Debug|Any CPU
		{AC5C2332-80A2-42AC-9B7E-57DB87E3497D}.Debug|x86.ActiveCfg = Debug|Any CPU
		{AC5C2332-80A2-42AC-9B7E-57DB87E3497D}.Debug|x86.Build.0 = Debug|Any CPU
		{AC5C2332-80A2-42AC-9B7E-57DB87E3497D}.Release|Any CPU.ActiveCfg = Release|Any CPU
		{AC5C2332-80A2-42AC-9B7E-57DB87E3497D}.Release|Any CPU.Build.0 = Release|Any CPU
		{AC5C2332-80A2-42AC-9B7E-57DB87E3497D}.Release|x64.ActiveCfg = Release|Any CPU
		{AC5C2332-80A2-42AC-9B7E-57DB87E3497D}.Release|x64.Build.0 = Release|Any CPU
		{AC5C2332-80A2-42AC-9B7E-57DB87E3497D}.Release|x86.ActiveCfg = Release|Any CPU
		{AC5C2332-80A2-42AC-9B7E-57DB87E3497D}.Release|x86.Build.0 = Release|Any CPU
		{9CDE177C-518F-46BC-A8F1-2D4E7EDCBBBE}.Debug|Any CPU.ActiveCfg = Debug|Any CPU
		{9CDE177C-518F-46BC-A8F1-2D4E7EDCBBBE}.Debug|Any CPU.Build.0 = Debug|Any CPU
		{9CDE177C-518F-46BC-A8F1-2D4E7EDCBBBE}.Debug|x64.ActiveCfg = Debug|Any CPU
		{9CDE177C-518F-46BC-A8F1-2D4E7EDCBBBE}.Debug|x64.Build.0 = Debug|Any CPU
		{9CDE177C-518F-46BC-A8F1-2D4E7EDCBBBE}.Debug|x86.ActiveCfg = Debug|Any CPU
		{9CDE177C-518F-46BC-A8F1-2D4E7EDCBBBE}.Debug|x86.Build.0 = Debug|Any CPU
		{9CDE177C-518F-46BC-A8F1-2D4E7EDCBBBE}.Release|Any CPU.ActiveCfg = Release|Any CPU
		{9CDE177C-518F-46BC-A8F1-2D4E7EDCBBBE}.Release|Any CPU.Build.0 = Release|Any CPU
		{9CDE177C-518F-46BC-A8F1-2D4E7EDCBBBE}.Release|x64.ActiveCfg = Release|Any CPU
		{9CDE177C-518F-46BC-A8F1-2D4E7EDCBBBE}.Release|x64.Build.0 = Release|Any CPU
		{9CDE177C-518F-46BC-A8F1-2D4E7EDCBBBE}.Release|x86.ActiveCfg = Release|Any CPU
		{9CDE177C-518F-46BC-A8F1-2D4E7EDCBBBE}.Release|x86.Build.0 = Release|Any CPU
	EndGlobalSection
	GlobalSection(SolutionProperties) = preSolution
		HideSolutionNode = FALSE
	EndGlobalSection
	GlobalSection(NestedProjects) = preSolution
		{2EEE58B8-70A3-B0EC-9890-43EF0BB86AED} = {ACDB6C76-E445-1D22-A45D-36E5391AD0C9}
		{9CDE177C-518F-46BC-A8F1-2D4E7EDCBBBE} = {2EEE58B8-70A3-B0EC-9890-43EF0BB86AED}
	EndGlobalSection
	GlobalSection(ExtensibilityGlobals) = postSolution
		SolutionGuid = {8FF4738B-FCE1-4D0E-BA46-881ED8053278}
	EndGlobalSection
EndGlobal
