Microsoft Visual Studio Solution File, Format Version 12.00
# Visual Studio Version 17
VisualStudioVersion = 17.14.36518.9
MinimumVisualStudioVersion = 10.0.40219.1
Project("{FAE04EC0-301F-11D3-BF4B-00C04F79EFBC}") = "aemonshandbookessentials", "aemonshandbookessentials\aemonshandbookessentials.csproj", "{AC5C2332-80A2-42AC-9B7E-57DB87E3497D}"
EndProject
Project("{2150E333-8FDC-42A3-9474-1A3956D46DE8}") = "externals", "externals", "{ACDB6C76-E445-1D22-A45D-36E5391AD0C9}"
EndProject
Project("{2150E333-8FDC-42A3-9474-1A3956D46DE8}") = "VintagestoryApi", "VintagestoryApi", "{7DB658C2-911F-864C-8A07-D4CB6F89C097}"
EndProject
Project("{FAE04EC0-301F-11D3-BF4B-00C04F79EFBC}") = "VintagestoryAPI", "externals\VintagestoryApi\VintagestoryAPI.csproj", "{2298E233-B4D9-40B2-B89C-8FB31627ACF0}"
EndProject
Project("{FAE04EC0-301F-11D3-BF4B-00C04F79EFBC}") = "VSSurvivalMod", "externals\VSSurvivalMod\VSSurvivalMod.csproj", "{F2E9EA09-6CA7-4447-89C3-83D422A45DA5}"
EndProject
Project("{2150E333-8FDC-42A3-9474-1A3956D46DE8}") = "VSEssentials", "VSEssentials", "{9B2614BF-65B0-50F1-BD53-879238821363}"
EndProject
Project("{FAE04EC0-301F-11D3-BF4B-00C04F79EFBC}") = "VSEssentialsMod", "externals\VSEssentials\VSEssentialsMod.csproj", "{AD44FBFE-5789-4C6A-B880-2E365140A20A}"
EndProject
Project("{FAE04EC0-301F-11D3-BF4B-00C04F79EFBC}") = "VSCreativeMod", "externals\VSCreativeMod\VSCreativeMod.csproj", "{BB90DAA0-2501-4CF8-89EB-F7413E2CCD66}"
EndProject
Global
	GlobalSection(SolutionConfigurationPlatforms) = preSolution
		Debug|Any CPU = Debug|Any CPU
		Debug|x64 = Debug|x64
		Debug|x86 = Debug|x86
		Release|Any CPU = Release|Any CPU
		Release|x64 = Release|x64
		Release|x86 = Release|x86
	EndGlobalSection
	GlobalSection(ProjectConfigurationPlatforms) = postSolution
		{AC5C2332-80A2-42AC-9B7E-57DB87E3497D}.Debug|Any CPU.ActiveCfg = Debug|Any CPU
		{AC5C2332-80A2-42AC-9B7E-57DB87E3497D}.Debug|Any CPU.Build.0 = Debug|Any CPU
		{AC5C2332-80A2-42AC-9B7E-57DB87E3497D}.Debug|x64.ActiveCfg = Debug|Any CPU
		{AC5C2332-80A2-42AC-9B7E-57DB87E3497D}.Debug|x64.Build.0 = Debug|Any CPU
		{AC5C2332-80A2-42AC-9B7E-57DB87E3497D}.Debug|x86.ActiveCfg = Debug|Any CPU
		{AC5C2332-80A2-42AC-9B7E-57DB87E3497D}.Debug|x86.Build.0 = Debug|Any CPU
		{AC5C2332-80A2-42AC-9B7E-57DB87E3497D}.Release|Any CPU.ActiveCfg = Release|Any CPU
		{AC5C2332-80A2-42AC-9B7E-57DB87E3497D}.Release|Any CPU.Build.0 = Release|Any CPU
		{AC5C2332-80A2-42AC-9B7E-57DB87E3497D}.Release|x64.ActiveCfg = Release|Any CPU
		{AC5C2332-80A2-42AC-9B7E-57DB87E3497D}.Release|x64.Build.0 = Release|Any CPU
		{AC5C2332-80A2-42AC-9B7E-57DB87E3497D}.Release|x86.ActiveCfg = Release|Any CPU
		{AC5C2332-80A2-42AC-9B7E-57DB87E3497D}.Release|x86.Build.0 = Release|Any CPU
		{2298E233-B4D9-40B2-B89C-8FB31627ACF0}.Debug|Any CPU.ActiveCfg = Debug|Any CPU
		{2298E233-B4D9-40B2-B89C-8FB31627ACF0}.Debug|x64.ActiveCfg = Debug|Any CPU
		{2298E233-B4D9-40B2-B89C-8FB31627ACF0}.Debug|x86.ActiveCfg = Debug|Any CPU
		{2298E233-B4D9-40B2-B89C-8FB31627ACF0}.Release|Any CPU.ActiveCfg = Release|Any CPU
		{2298E233-B4D9-40B2-B89C-8FB31627ACF0}.Release|x64.ActiveCfg = Release|Any CPU
		{2298E233-B4D9-40B2-B89C-8FB31627ACF0}.Release|x86.ActiveCfg = Release|Any CPU
		{F2E9EA09-6CA7-4447-89C3-83D422A45DA5}.Debug|Any CPU.ActiveCfg = Debug|Any CPU
		{F2E9EA09-6CA7-4447-89C3-83D422A45DA5}.Debug|x64.ActiveCfg = Debug|Any CPU
		{F2E9EA09-6CA7-4447-89C3-83D422A45DA5}.Debug|x86.ActiveCfg = Debug|Any CPU
		{F2E9EA09-6CA7-4447-89C3-83D422A45DA5}.Release|Any CPU.ActiveCfg = Release|Any CPU
		{F2E9EA09-6CA7-4447-89C3-83D422A45DA5}.Release|x64.ActiveCfg = Release|Any CPU
		{F2E9EA09-6CA7-4447-89C3-83D422A45DA5}.Release|x86.ActiveCfg = Release|Any CPU
		{AD44FBFE-5789-4C6A-B880-2E365140A20A}.Debug|Any CPU.ActiveCfg = Debug|Any CPU
		{AD44FBFE-5789-4C6A-B880-2E365140A20A}.Debug|x64.ActiveCfg = Debug|Any CPU
		{AD44FBFE-5789-4C6A-B880-2E365140A20A}.Debug|x86.ActiveCfg = Debug|Any CPU
		{AD44FBFE-5789-4C6A-B880-2E365140A20A}.Release|Any CPU.ActiveCfg = Release|Any CPU
		{AD44FBFE-5789-4C6A-B880-2E365140A20A}.Release|x64.ActiveCfg = Release|Any CPU
		{AD44FBFE-5789-4C6A-B880-2E365140A20A}.Release|x86.ActiveCfg = Release|Any CPU
		{BB90DAA0-2501-4CF8-89EB-F7413E2CCD66}.Debug|Any CPU.ActiveCfg = Debug|Any CPU
		{BB90DAA0-2501-4CF8-89EB-F7413E2CCD66}.Debug|x64.ActiveCfg = Debug|Any CPU
		{BB90DAA0-2501-4CF8-89EB-F7413E2CCD66}.Debug|x86.ActiveCfg = Debug|Any CPU
		{BB90DAA0-2501-4CF8-89EB-F7413E2CCD66}.Release|Any CPU.ActiveCfg = Release|Any CPU
		{BB90DAA0-2501-4CF8-89EB-F7413E2CCD66}.Release|x64.ActiveCfg = Release|Any CPU
		{BB90DAA0-2501-4CF8-89EB-F7413E2CCD66}.Release|x86.ActiveCfg = Release|Any CPU
	EndGlobalSection
	GlobalSection(SolutionProperties) = preSolution
		HideSolutionNode = FALSE
	EndGlobalSection
	GlobalSection(NestedProjects) = preSolution
		{7DB658C2-911F-864C-8A07-D4CB6F89C097} = {ACDB6C76-E445-1D22-A45D-36E5391AD0C9}
		{2298E233-B4D9-40B2-B89C-8FB31627ACF0} = {7DB658C2-911F-864C-8A07-D4CB6F89C097}
		{F2E9EA09-6CA7-4447-89C3-83D422A45DA5} = {ACDB6C76-E445-1D22-A45D-36E5391AD0C9}
		{9B2614BF-65B0-50F1-BD53-879238821363} = {ACDB6C76-E445-1D22-A45D-36E5391AD0C9}
		{AD44FBFE-5789-4C6A-B880-2E365140A20A} = {9B2614BF-65B0-50F1-BD53-879238821363}
		{BB90DAA0-2501-4CF8-89EB-F7413E2CCD66} = {ACDB6C76-E445-1D22-A45D-36E5391AD0C9}
	EndGlobalSection
	GlobalSection(ExtensibilityGlobals) = postSolution
		SolutionGuid = {8FF4738B-FCE1-4D0E-BA46-881ED8053278}
	EndGlobalSection
EndGlobal
